
Microsoft Visual Studio Solution File, Format Version 12.00
# Visual Studio Version 17
VisualStudioVersion = 17.6.33712.159
MinimumVisualStudioVersion = 10.0.40219.1
Project("{2150E333-8FDC-42A3-9474-1A3956D46DE8}") = "src", "src", "{79E534C8-B6C1-483B-BA68-381609625C48}"
EndProject
Project("{2150E333-8FDC-42A3-9474-1A3956D46DE8}") = "test", "test", "{D23CD525-3C1A-432B-81D3-7397729BFA5B}"
EndProject
Project("{2150E333-8FDC-42A3-9474-1A3956D46DE8}") = "API", "API", "{57685103-36BF-444B-9A77-ADF3A5483267}"
EndProject
Project("{2150E333-8FDC-42A3-9474-1A3956D46DE8}") = "Core", "Core", "{5042F799-4EDE-46FD-8951-ACFC27F90833}"
EndProject
Project("{2150E333-8FDC-42A3-9474-1A3956D46DE8}") = "Infrastructure", "Infrastructure", "{6C389D28-42B7-4575-BC06-334EA3E8C078}"
EndProject
Project("{9A19103F-16F7-4668-BE54-9A1E7A4F7556}") = "Hotel.Application", "Hotel.Aplication\Hotel.Application.csproj", "{8A1D1EC5-6088-430E-A2BB-5CC12A486E81}"
EndProject
Project("{9A19103F-16F7-4668-BE54-9A1E7A4F7556}") = "Hotel.Domain", "Hotel.Domain\Hotel.Domain.csproj", "{E419FE60-183F-45B1-8076-2D649295D753}"
EndProject
Project("{9A19103F-16F7-4668-BE54-9A1E7A4F7556}") = "Hotel.Identity", "Hotel.Identity\Hotel.Identity.csproj", "{2EE56408-B561-4692-8411-24ACC4D4EF50}"
EndProject
Project("{9A19103F-16F7-4668-BE54-9A1E7A4F7556}") = "Hotel.Infrastructure", "Hotal.Infrastructure\Hotel.Infrastructure.csproj", "{ABC8E9CD-CE7B-4ACE-9308-151E1A90D090}"
EndProject
Project("{FAE04EC0-301F-11D3-BF4B-00C04F79EFBC}") = "Hotel.API", "Hotel.API\Hotel.API.csproj", "{1E6CFE16-D87D-4487-849B-E5BD8D7F7D06}"
EndProject
Global
	GlobalSection(SolutionConfigurationPlatforms) = preSolution
		Debug|Any CPU = Debug|Any CPU
		Release|Any CPU = Release|Any CPU
	EndGlobalSection
	GlobalSection(ProjectConfigurationPlatforms) = postSolution
		{8A1D1EC5-6088-430E-A2BB-5CC12A486E81}.Debug|Any CPU.ActiveCfg = Debug|Any CPU
		{8A1D1EC5-6088-430E-A2BB-5CC12A486E81}.Debug|Any CPU.Build.0 = Debug|Any CPU
		{8A1D1EC5-6088-430E-A2BB-5CC12A486E81}.Release|Any CPU.ActiveCfg = Release|Any CPU
		{8A1D1EC5-6088-430E-A2BB-5CC12A486E81}.Release|Any CPU.Build.0 = Release|Any CPU
		{E419FE60-183F-45B1-8076-2D649295D753}.Debug|Any CPU.ActiveCfg = Debug|Any CPU
		{E419FE60-183F-45B1-8076-2D649295D753}.Debug|Any CPU.Build.0 = Debug|Any CPU
		{E419FE60-183F-45B1-8076-2D649295D753}.Release|Any CPU.ActiveCfg = Release|Any CPU
		{E419FE60-183F-45B1-8076-2D649295D753}.Release|Any CPU.Build.0 = Release|Any CPU
		{2EE56408-B561-4692-8411-24ACC4D4EF50}.Debug|Any CPU.ActiveCfg = Debug|Any CPU
		{2EE56408-B561-4692-8411-24ACC4D4EF50}.Debug|Any CPU.Build.0 = Debug|Any CPU
		{2EE56408-B561-4692-8411-24ACC4D4EF50}.Release|Any CPU.ActiveCfg = Release|Any CPU
		{2EE56408-B561-4692-8411-24ACC4D4EF50}.Release|Any CPU.Build.0 = Release|Any CPU
		{ABC8E9CD-CE7B-4ACE-9308-151E1A90D090}.Debug|Any CPU.ActiveCfg = Debug|Any CPU
		{ABC8E9CD-CE7B-4ACE-9308-151E1A90D090}.Debug|Any CPU.Build.0 = Debug|Any CPU
		{ABC8E9CD-CE7B-4ACE-9308-151E1A90D090}.Release|Any CPU.ActiveCfg = Release|Any CPU
		{ABC8E9CD-CE7B-4ACE-9308-151E1A90D090}.Release|Any CPU.Build.0 = Release|Any CPU
		{1E6CFE16-D87D-4487-849B-E5BD8D7F7D06}.Debug|Any CPU.ActiveCfg = Debug|Any CPU
		{1E6CFE16-D87D-4487-849B-E5BD8D7F7D06}.Debug|Any CPU.Build.0 = Debug|Any CPU
		{1E6CFE16-D87D-4487-849B-E5BD8D7F7D06}.Release|Any CPU.ActiveCfg = Release|Any CPU
		{1E6CFE16-D87D-4487-849B-E5BD8D7F7D06}.Release|Any CPU.Build.0 = Release|Any CPU
	EndGlobalSection
	GlobalSection(SolutionProperties) = preSolution
		HideSolutionNode = FALSE
	EndGlobalSection
	GlobalSection(NestedProjects) = preSolution
		{57685103-36BF-444B-9A77-ADF3A5483267} = {79E534C8-B6C1-483B-BA68-381609625C48}
		{5042F799-4EDE-46FD-8951-ACFC27F90833} = {79E534C8-B6C1-483B-BA68-381609625C48}
		{6C389D28-42B7-4575-BC06-334EA3E8C078} = {79E534C8-B6C1-483B-BA68-381609625C48}
		{8A1D1EC5-6088-430E-A2BB-5CC12A486E81} = {5042F799-4EDE-46FD-8951-ACFC27F90833}
		{E419FE60-183F-45B1-8076-2D649295D753} = {5042F799-4EDE-46FD-8951-ACFC27F90833}
		{2EE56408-B561-4692-8411-24ACC4D4EF50} = {6C389D28-42B7-4575-BC06-334EA3E8C078}
		{ABC8E9CD-CE7B-4ACE-9308-151E1A90D090} = {6C389D28-42B7-4575-BC06-334EA3E8C078}
		{1E6CFE16-D87D-4487-849B-E5BD8D7F7D06} = {57685103-36BF-444B-9A77-ADF3A5483267}
	EndGlobalSection
	GlobalSection(ExtensibilityGlobals) = postSolution
		SolutionGuid = {7578439E-3148-407D-966F-F340D74B0607}
	EndGlobalSection
EndGlobal
